%{"bunt": {:hex, :bunt, "0.2.0", "951c6e801e8b1d2cbe58ebbd3e616a869061ddadcc4863d0a2182541acae9a38", [], [], "hexpm"},
  "credo": {:hex, :credo, "0.8.10", "261862bb7363247762e1063713bb85df2bbd84af8d8610d1272cd9c1943bba63", [], [{:bunt, "~> 0.2.0", [hex: :bunt, repo: "hexpm", optional: false]}], "hexpm"},
  "earmark": {:hex, :earmark, "1.2.2", "f718159d6b65068e8daeef709ccddae5f7fdc770707d82e7d126f584cd925b74", [:mix], [], "hexpm"},
  "ex_dash": {:hex, :ex_dash, "0.1.5", "cec8f0820f88539eeba71e88e12f64db1588c443e92216d881512097d88ef0ad", [:mix], [{:ex_doc, "~> 0.15", [hex: :ex_doc, repo: "hexpm", optional: false]}, {:floki, "~> 0.14.0", [hex: :floki, repo: "hexpm", optional: false]}], "hexpm"},
  "ex_doc": {:hex, :ex_doc, "0.16.1", "b4b8a23602b4ce0e9a5a960a81260d1f7b29635b9652c67e95b0c2f7ccee5e81", [:mix], [{:earmark, "~> 1.1", [hex: :earmark, repo: "hexpm", optional: false]}], "hexpm"},
  "file_system": {:hex, :file_system, "0.2.0", "1b899a8708dd121648b4f4f632022cf8fd989f3d7250621f34eca4831b217ee9", [:mix], [], "hexpm"},
  "floki": {:hex, :floki, "0.14.0", "91a6be57349e10a63cf52d7890479a19012cef9185fa93c305d4fe42e6a50dee", [:mix], [{:mochiweb, "~> 2.15", [hex: :mochiweb, repo: "hexpm", optional: false]}], "hexpm"},
  "mochiweb": {:hex, :mochiweb, "2.15.0", "e1daac474df07651e5d17cc1e642c4069c7850dc4508d3db7263a0651330aacc", [:rebar3], [], "hexpm"}}
